dfdee131460216a84fef22e537bb0d0579965f8f70338d748323dff26f8e5a8b  /root/.m2/repository/org/clojure/clojure/1.12.5/clojure-1.12.5.jar
eb73ac08cf49ba840c88ba67beef11336ca554333d9408808d78946e0feb9ddb  /root/.m2/repository/org/clojure/core.specs.alpha/0.4.74/core.specs.alpha-0.4.74.jar
94cd99b6ea639641f37af4860a643b6ed399ee5a8be5d717cff0b663c8d75077  /root/.m2/repository/org/clojure/spec.alpha/0.5.238/spec.alpha-0.5.238.jar
